
Microsoft Visual Studio Solution File, Format Version 12.00
# Visual Studio Version 17
VisualStudioVersion = 17.1.32319.34
MinimumVisualStudioVersion = 15.0.26124.0
Project("{9A19103F-16F7-4668-BE54-9A1E7A4F7556}") = "Accounts", "accounts\Accounts.csproj", "{3A3BC511-86A3-44B2-858B-CA97933E4151}"
EndProject
Project("{9A19103F-16F7-4668-BE54-9A1E7A4F7556}") = "Gateway", "gateway\Gateway.csproj", "{7D556817-8C10-4B6B-8BC7-BDD832F98CE8}"
EndProject
Project("{9A19103F-16F7-4668-BE54-9A1E7A4F7556}") = "Inventory", "inventory\Inventory.csproj", "{BF940889-6F80-41FB-AF4D-1DF82CA2471C}"
EndProject
Project("{9A19103F-16F7-4668-BE54-9A1E7A4F7556}") = "Products", "products\Products.csproj", "{55C91FC3-0575-470C-ACEF-FAFE854F17B4}"
EndProject
Project("{9A19103F-16F7-4668-BE54-9A1E7A4F7556}") = "Reviews", "reviews\Reviews.csproj", "{F1754125-5445-431F-B5E0-3C585BC31C42}"
EndProject
Project("{2150E333-8FDC-42A3-9474-1A3956D46DE8}") = "Solution Items", "Solution Items", "{9FB80CCF-D85E-466D-8614-B498DD2BFC2E}"
	ProjectSection(SolutionItems) = preProject
		TextFile1.txt = TextFile1.txt
	EndProjectSection
EndProject
Project("{9A19103F-16F7-4668-BE54-9A1E7A4F7556}") = "SchemaFirst", "SchemaFirst\SchemaFirst.csproj", "{9861BA27-391B-4BE8-A67B-51C85AA264A8}"
EndProject
Project("{9A19103F-16F7-4668-BE54-9A1E7A4F7556}") = "CacheSchemaFirst", "CacheSchemaFirst\CacheSchemaFirst.csproj", "{6414128A-E12C-4B44-982E-0D3DD19A07E0}"
EndProject
Project("{9A19103F-16F7-4668-BE54-9A1E7A4F7556}") = "HotChocolate.AspNetCore", "..\..\..\..\hotchcoclate-cache\hotchocolate\src\HotChocolate\AspNetCore\src\AspNetCore\HotChocolate.AspNetCore.csproj", "{1EF9E770-8D26-4919-8457-ECC3D8AE8B8D}"
EndProject
Project("{9A19103F-16F7-4668-BE54-9A1E7A4F7556}") = "HotChocolate.Caching", "..\..\..\..\hotchcoclate-cache\hotchocolate\src\HotChocolate\Caching\src\Caching\HotChocolate.Caching.csproj", "{44B4923E-A157-4EFC-8132-34CFF2E3FF7B}"
EndProject
Project("{9A19103F-16F7-4668-BE54-9A1E7A4F7556}") = "HotChocolate.Caching.Http", "..\..\..\..\hotchcoclate-cache\hotchocolate\src\HotChocolate\Caching\src\Caching.Http\HotChocolate.Caching.Http.csproj", "{E705D1FE-A674-46EC-ADB9-2A842C707491}"
EndProject
Project("{9A19103F-16F7-4668-BE54-9A1E7A4F7556}") = "HotChocolate.Core", "..\..\..\..\hotchcoclate-cache\hotchocolate\src\HotChocolate\Core\src\Core\HotChocolate.Core.csproj", "{8DB60B6D-6087-45D2-B365-21CB0806D8AC}"
EndProject
Project("{9A19103F-16F7-4668-BE54-9A1E7A4F7556}") = "HotChocolate.Execution", "..\..\..\..\hotchcoclate-cache\hotchocolate\src\HotChocolate\Core\src\Execution\HotChocolate.Execution.csproj", "{1FC68ED2-AD1B-49DC-9DE9-B338BB999A5A}"
EndProject
Project("{FAE04EC0-301F-11D3-BF4B-00C04F79EFBC}") = "caching", "..\..\caching\caching\caching.csproj", "{F9FF0FCF-18AD-44C6-AA27-242D1BA1EF69}"
EndProject
Global
	GlobalSection(SolutionConfigurationPlatforms) = preSolution
		Debug|Any CPU = Debug|Any CPU
		Debug|x64 = Debug|x64
		Debug|x86 = Debug|x86
		Release|Any CPU = Release|Any CPU
		Release|x64 = Release|x64
		Release|x86 = Release|x86
	EndGlobalSection
	GlobalSection(ProjectConfigurationPlatforms) = postSolution
		{3A3BC511-86A3-44B2-858B-CA97933E4151}.Debug|Any CPU.ActiveCfg = Debug|Any CPU
		{3A3BC511-86A3-44B2-858B-CA97933E4151}.Debug|Any CPU.Build.0 = Debug|Any CPU
		{3A3BC511-86A3-44B2-858B-CA97933E4151}.Debug|x64.ActiveCfg = Debug|Any CPU
		{3A3BC511-86A3-44B2-858B-CA97933E4151}.Debug|x64.Build.0 = Debug|Any CPU
		{3A3BC511-86A3-44B2-858B-CA97933E4151}.Debug|x86.ActiveCfg = Debug|Any CPU
		{3A3BC511-86A3-44B2-858B-CA97933E4151}.Debug|x86.Build.0 = Debug|Any CPU
		{3A3BC511-86A3-44B2-858B-CA97933E4151}.Release|Any CPU.ActiveCfg = Release|Any CPU
		{3A3BC511-86A3-44B2-858B-CA97933E4151}.Release|Any CPU.Build.0 = Release|Any CPU
		{3A3BC511-86A3-44B2-858B-CA97933E4151}.Release|x64.ActiveCfg = Release|Any CPU
		{3A3BC511-86A3-44B2-858B-CA97933E4151}.Release|x64.Build.0 = Release|Any CPU
		{3A3BC511-86A3-44B2-858B-CA97933E4151}.Release|x86.ActiveCfg = Release|Any CPU
		{3A3BC511-86A3-44B2-858B-CA97933E4151}.Release|x86.Build.0 = Release|Any CPU
		{7D556817-8C10-4B6B-8BC7-BDD832F98CE8}.Debug|Any CPU.ActiveCfg = Debug|Any CPU
		{7D556817-8C10-4B6B-8BC7-BDD832F98CE8}.Debug|Any CPU.Build.0 = Debug|Any CPU
		{7D556817-8C10-4B6B-8BC7-BDD832F98CE8}.Debug|x64.ActiveCfg = Debug|Any CPU
		{7D556817-8C10-4B6B-8BC7-BDD832F98CE8}.Debug|x64.Build.0 = Debug|Any CPU
		{7D556817-8C10-4B6B-8BC7-BDD832F98CE8}.Debug|x86.ActiveCfg = Debug|Any CPU
		{7D556817-8C10-4B6B-8BC7-BDD832F98CE8}.Debug|x86.Build.0 = Debug|Any CPU
		{7D556817-8C10-4B6B-8BC7-BDD832F98CE8}.Release|Any CPU.ActiveCfg = Release|Any CPU
		{7D556817-8C10-4B6B-8BC7-BDD832F98CE8}.Release|Any CPU.Build.0 = Release|Any CPU
		{7D556817-8C10-4B6B-8BC7-BDD832F98CE8}.Release|x64.ActiveCfg = Release|Any CPU
		{7D556817-8C10-4B6B-8BC7-BDD832F98CE8}.Release|x64.Build.0 = Release|Any CPU
		{7D556817-8C10-4B6B-8BC7-BDD832F98CE8}.Release|x86.ActiveCfg = Release|Any CPU
		{7D556817-8C10-4B6B-8BC7-BDD832F98CE8}.Release|x86.Build.0 = Release|Any CPU
		{BF940889-6F80-41FB-AF4D-1DF82CA2471C}.Debug|Any CPU.ActiveCfg = Debug|Any CPU
		{BF940889-6F80-41FB-AF4D-1DF82CA2471C}.Debug|Any CPU.Build.0 = Debug|Any CPU
		{BF940889-6F80-41FB-AF4D-1DF82CA2471C}.Debug|x64.ActiveCfg = Debug|Any CPU
		{BF940889-6F80-41FB-AF4D-1DF82CA2471C}.Debug|x64.Build.0 = Debug|Any CPU
		{BF940889-6F80-41FB-AF4D-1DF82CA2471C}.Debug|x86.ActiveCfg = Debug|Any CPU
		{BF940889-6F80-41FB-AF4D-1DF82CA2471C}.Debug|x86.Build.0 = Debug|Any CPU
		{BF940889-6F80-41FB-AF4D-1DF82CA2471C}.Release|Any CPU.ActiveCfg = Release|Any CPU
		{BF940889-6F80-41FB-AF4D-1DF82CA2471C}.Release|Any CPU.Build.0 = Release|Any CPU
		{BF940889-6F80-41FB-AF4D-1DF82CA2471C}.Release|x64.ActiveCfg = Release|Any CPU
		{BF940889-6F80-41FB-AF4D-1DF82CA2471C}.Release|x64.Build.0 = Release|Any CPU
		{BF940889-6F80-41FB-AF4D-1DF82CA2471C}.Release|x86.ActiveCfg = Release|Any CPU
		{BF940889-6F80-41FB-AF4D-1DF82CA2471C}.Release|x86.Build.0 = Release|Any CPU
		{55C91FC3-0575-470C-ACEF-FAFE854F17B4}.Debug|Any CPU.ActiveCfg = Debug|Any CPU
		{55C91FC3-0575-470C-ACEF-FAFE854F17B4}.Debug|Any CPU.Build.0 = Debug|Any CPU
		{55C91FC3-0575-470C-ACEF-FAFE854F17B4}.Debug|x64.ActiveCfg = Debug|Any CPU
		{55C91FC3-0575-470C-ACEF-FAFE854F17B4}.Debug|x64.Build.0 = Debug|Any CPU
		{55C91FC3-0575-470C-ACEF-FAFE854F17B4}.Debug|x86.ActiveCfg = Debug|Any CPU
		{55C91FC3-0575-470C-ACEF-FAFE854F17B4}.Debug|x86.Build.0 = Debug|Any CPU
		{55C91FC3-0575-470C-ACEF-FAFE854F17B4}.Release|Any CPU.ActiveCfg = Release|Any CPU
		{55C91FC3-0575-470C-ACEF-FAFE854F17B4}.Release|Any CPU.Build.0 = Release|Any CPU
		{55C91FC3-0575-470C-ACEF-FAFE854F17B4}.Release|x64.ActiveCfg = Release|Any CPU
		{55C91FC3-0575-470C-ACEF-FAFE854F17B4}.Release|x64.Build.0 = Release|Any CPU
		{55C91FC3-0575-470C-ACEF-FAFE854F17B4}.Release|x86.ActiveCfg = Release|Any CPU
		{55C91FC3-0575-470C-ACEF-FAFE854F17B4}.Release|x86.Build.0 = Release|Any CPU
		{F1754125-5445-431F-B5E0-3C585BC31C42}.Debug|Any CPU.ActiveCfg = Debug|Any CPU
		{F1754125-5445-431F-B5E0-3C585BC31C42}.Debug|Any CPU.Build.0 = Debug|Any CPU
		{F1754125-5445-431F-B5E0-3C585BC31C42}.Debug|x64.ActiveCfg = Debug|Any CPU
		{F1754125-5445-431F-B5E0-3C585BC31C42}.Debug|x64.Build.0 = Debug|Any CPU
		{F1754125-5445-431F-B5E0-3C585BC31C42}.Debug|x86.ActiveCfg = Debug|Any CPU
		{F1754125-5445-431F-B5E0-3C585BC31C42}.Debug|x86.Build.0 = Debug|Any CPU
		{F1754125-5445-431F-B5E0-3C585BC31C42}.Release|Any CPU.ActiveCfg = Release|Any CPU
		{F1754125-5445-431F-B5E0-3C585BC31C42}.Release|Any CPU.Build.0 = Release|Any CPU
		{F1754125-5445-431F-B5E0-3C585BC31C42}.Release|x64.ActiveCfg = Release|Any CPU
		{F1754125-5445-431F-B5E0-3C585BC31C42}.Release|x64.Build.0 = Release|Any CPU
		{F1754125-5445-431F-B5E0-3C585BC31C42}.Release|x86.ActiveCfg = Release|Any CPU
		{F1754125-5445-431F-B5E0-3C585BC31C42}.Release|x86.Build.0 = Release|Any CPU
		{9861BA27-391B-4BE8-A67B-51C85AA264A8}.Debug|Any CPU.ActiveCfg = Debug|Any CPU
		{9861BA27-391B-4BE8-A67B-51C85AA264A8}.Debug|Any CPU.Build.0 = Debug|Any CPU
		{9861BA27-391B-4BE8-A67B-51C85AA264A8}.Debug|x64.ActiveCfg = Debug|Any CPU
		{9861BA27-391B-4BE8-A67B-51C85AA264A8}.Debug|x64.Build.0 = Debug|Any CPU
		{9861BA27-391B-4BE8-A67B-51C85AA264A8}.Debug|x86.ActiveCfg = Debug|Any CPU
		{9861BA27-391B-4BE8-A67B-51C85AA264A8}.Debug|x86.Build.0 = Debug|Any CPU
		{9861BA27-391B-4BE8-A67B-51C85AA264A8}.Release|Any CPU.ActiveCfg = Release|Any CPU
		{9861BA27-391B-4BE8-A67B-51C85AA264A8}.Release|Any CPU.Build.0 = Release|Any CPU
		{9861BA27-391B-4BE8-A67B-51C85AA264A8}.Release|x64.ActiveCfg = Release|Any CPU
		{9861BA27-391B-4BE8-A67B-51C85AA264A8}.Release|x64.Build.0 = Release|Any CPU
		{9861BA27-391B-4BE8-A67B-51C85AA264A8}.Release|x86.ActiveCfg = Release|Any CPU
		{9861BA27-391B-4BE8-A67B-51C85AA264A8}.Release|x86.Build.0 = Release|Any CPU
		{6414128A-E12C-4B44-982E-0D3DD19A07E0}.Debug|Any CPU.ActiveCfg = Debug|Any CPU
		{6414128A-E12C-4B44-982E-0D3DD19A07E0}.Debug|Any CPU.Build.0 = Debug|Any CPU
		{6414128A-E12C-4B44-982E-0D3DD19A07E0}.Debug|x64.ActiveCfg = Debug|Any CPU
		{6414128A-E12C-4B44-982E-0D3DD19A07E0}.Debug|x64.Build.0 = Debug|Any CPU
		{6414128A-E12C-4B44-982E-0D3DD19A07E0}.Debug|x86.ActiveCfg = Debug|Any CPU
		{6414128A-E12C-4B44-982E-0D3DD19A07E0}.Debug|x86.Build.0 = Debug|Any CPU
		{6414128A-E12C-4B44-982E-0D3DD19A07E0}.Release|Any CPU.ActiveCfg = Release|Any CPU
		{6414128A-E12C-4B44-982E-0D3DD19A07E0}.Release|Any CPU.Build.0 = Release|Any CPU
		{6414128A-E12C-4B44-982E-0D3DD19A07E0}.Release|x64.ActiveCfg = Release|Any CPU
		{6414128A-E12C-4B44-982E-0D3DD19A07E0}.Release|x64.Build.0 = Release|Any CPU
		{6414128A-E12C-4B44-982E-0D3DD19A07E0}.Release|x86.ActiveCfg = Release|Any CPU
		{6414128A-E12C-4B44-982E-0D3DD19A07E0}.Release|x86.Build.0 = Release|Any CPU
		{1EF9E770-8D26-4919-8457-ECC3D8AE8B8D}.Debug|Any CPU.ActiveCfg = Debug|Any CPU
		{1EF9E770-8D26-4919-8457-ECC3D8AE8B8D}.Debug|Any CPU.Build.0 = Debug|Any CPU
		{1EF9E770-8D26-4919-8457-ECC3D8AE8B8D}.Debug|x64.ActiveCfg = Debug|Any CPU
		{1EF9E770-8D26-4919-8457-ECC3D8AE8B8D}.Debug|x64.Build.0 = Debug|Any CPU
		{1EF9E770-8D26-4919-8457-ECC3D8AE8B8D}.Debug|x86.ActiveCfg = Debug|Any CPU
		{1EF9E770-8D26-4919-8457-ECC3D8AE8B8D}.Debug|x86.Build.0 = Debug|Any CPU
		{1EF9E770-8D26-4919-8457-ECC3D8AE8B8D}.Release|Any CPU.ActiveCfg = Release|Any CPU
		{1EF9E770-8D26-4919-8457-ECC3D8AE8B8D}.Release|Any CPU.Build.0 = Release|Any CPU
		{1EF9E770-8D26-4919-8457-ECC3D8AE8B8D}.Release|x64.ActiveCfg = Release|Any CPU
		{1EF9E770-8D26-4919-8457-ECC3D8AE8B8D}.Release|x64.Build.0 = Release|Any CPU
		{1EF9E770-8D26-4919-8457-ECC3D8AE8B8D}.Release|x86.ActiveCfg = Release|Any CPU
		{1EF9E770-8D26-4919-8457-ECC3D8AE8B8D}.Release|x86.Build.0 = Release|Any CPU
		{44B4923E-A157-4EFC-8132-34CFF2E3FF7B}.Debug|Any CPU.ActiveCfg = Debug|Any CPU
		{44B4923E-A157-4EFC-8132-34CFF2E3FF7B}.Debug|Any CPU.Build.0 = Debug|Any CPU
		{44B4923E-A157-4EFC-8132-34CFF2E3FF7B}.Debug|x64.ActiveCfg = Debug|Any CPU
		{44B4923E-A157-4EFC-8132-34CFF2E3FF7B}.Debug|x64.Build.0 = Debug|Any CPU
		{44B4923E-A157-4EFC-8132-34CFF2E3FF7B}.Debug|x86.ActiveCfg = Debug|Any CPU
		{44B4923E-A157-4EFC-8132-34CFF2E3FF7B}.Debug|x86.Build.0 = Debug|Any CPU
		{44B4923E-A157-4EFC-8132-34CFF2E3FF7B}.Release|Any CPU.ActiveCfg = Release|Any CPU
		{44B4923E-A157-4EFC-8132-34CFF2E3FF7B}.Release|Any CPU.Build.0 = Release|Any CPU
		{44B4923E-A157-4EFC-8132-34CFF2E3FF7B}.Release|x64.ActiveCfg = Release|Any CPU
		{44B4923E-A157-4EFC-8132-34CFF2E3FF7B}.Release|x64.Build.0 = Release|Any CPU
		{44B4923E-A157-4EFC-8132-34CFF2E3FF7B}.Release|x86.ActiveCfg = Release|Any CPU
		{44B4923E-A157-4EFC-8132-34CFF2E3FF7B}.Release|x86.Build.0 = Release|Any CPU
		{E705D1FE-A674-46EC-ADB9-2A842C707491}.Debug|Any CPU.ActiveCfg = Debug|Any CPU
		{E705D1FE-A674-46EC-ADB9-2A842C707491}.Debug|Any CPU.Build.0 = Debug|Any CPU
		{E705D1FE-A674-46EC-ADB9-2A842C707491}.Debug|x64.ActiveCfg = Debug|Any CPU
		{E705D1FE-A674-46EC-ADB9-2A842C707491}.Debug|x64.Build.0 = Debug|Any CPU
		{E705D1FE-A674-46EC-ADB9-2A842C707491}.Debug|x86.ActiveCfg = Debug|Any CPU
		{E705D1FE-A674-46EC-ADB9-2A842C707491}.Debug|x86.Build.0 = Debug|Any CPU
		{E705D1FE-A674-46EC-ADB9-2A842C707491}.Release|Any CPU.ActiveCfg = Release|Any CPU
		{E705D1FE-A674-46EC-ADB9-2A842C707491}.Release|Any CPU.Build.0 = Release|Any CPU
		{E705D1FE-A674-46EC-ADB9-2A842C707491}.Release|x64.ActiveCfg = Release|Any CPU
		{E705D1FE-A674-46EC-ADB9-2A842C707491}.Release|x64.Build.0 = Release|Any CPU
		{E705D1FE-A674-46EC-ADB9-2A842C707491}.Release|x86.ActiveCfg = Release|Any CPU
		{E705D1FE-A674-46EC-ADB9-2A842C707491}.Release|x86.Build.0 = Release|Any CPU
		{8DB60B6D-6087-45D2-B365-21CB0806D8AC}.Debug|Any CPU.ActiveCfg = Debug|Any CPU
		{8DB60B6D-6087-45D2-B365-21CB0806D8AC}.Debug|Any CPU.Build.0 = Debug|Any CPU
		{8DB60B6D-6087-45D2-B365-21CB0806D8AC}.Debug|x64.ActiveCfg = Debug|Any CPU
		{8DB60B6D-6087-45D2-B365-21CB0806D8AC}.Debug|x64.Build.0 = Debug|Any CPU
		{8DB60B6D-6087-45D2-B365-21CB0806D8AC}.Debug|x86.ActiveCfg = Debug|Any CPU
		{8DB60B6D-6087-45D2-B365-21CB0806D8AC}.Debug|x86.Build.0 = Debug|Any CPU
		{8DB60B6D-6087-45D2-B365-21CB0806D8AC}.Release|Any CPU.ActiveCfg = Release|Any CPU
		{8DB60B6D-6087-45D2-B365-21CB0806D8AC}.Release|Any CPU.Build.0 = Release|Any CPU
		{8DB60B6D-6087-45D2-B365-21CB0806D8AC}.Release|x64.ActiveCfg = Release|Any CPU
		{8DB60B6D-6087-45D2-B365-21CB0806D8AC}.Release|x64.Build.0 = Release|Any CPU
		{8DB60B6D-6087-45D2-B365-21CB0806D8AC}.Release|x86.ActiveCfg = Release|Any CPU
		{8DB60B6D-6087-45D2-B365-21CB0806D8AC}.Release|x86.Build.0 = Release|Any CPU
		{1FC68ED2-AD1B-49DC-9DE9-B338BB999A5A}.Debug|Any CPU.ActiveCfg = Debug|Any CPU
		{1FC68ED2-AD1B-49DC-9DE9-B338BB999A5A}.Debug|Any CPU.Build.0 = Debug|Any CPU
		{1FC68ED2-AD1B-49DC-9DE9-B338BB999A5A}.Debug|x64.ActiveCfg = Debug|Any CPU
		{1FC68ED2-AD1B-49DC-9DE9-B338BB999A5A}.Debug|x64.Build.0 = Debug|Any CPU
		{1FC68ED2-AD1B-49DC-9DE9-B338BB999A5A}.Debug|x86.ActiveCfg = Debug|Any CPU
		{1FC68ED2-AD1B-49DC-9DE9-B338BB999A5A}.Debug|x86.Build.0 = Debug|Any CPU
		{1FC68ED2-AD1B-49DC-9DE9-B338BB999A5A}.Release|Any CPU.ActiveCfg = Release|Any CPU
		{1FC68ED2-AD1B-49DC-9DE9-B338BB999A5A}.Release|Any CPU.Build.0 = Release|Any CPU
		{1FC68ED2-AD1B-49DC-9DE9-B338BB999A5A}.Release|x64.ActiveCfg = Release|Any CPU
		{1FC68ED2-AD1B-49DC-9DE9-B338BB999A5A}.Release|x64.Build.0 = Release|Any CPU
		{1FC68ED2-AD1B-49DC-9DE9-B338BB999A5A}.Release|x86.ActiveCfg = Release|Any CPU
		{1FC68ED2-AD1B-49DC-9DE9-B338BB999A5A}.Release|x86.Build.0 = Release|Any CPU
		{F9FF0FCF-18AD-44C6-AA27-242D1BA1EF69}.Debug|Any CPU.ActiveCfg = Debug|Any CPU
		{F9FF0FCF-18AD-44C6-AA27-242D1BA1EF69}.Debug|Any CPU.Build.0 = Debug|Any CPU
		{F9FF0FCF-18AD-44C6-AA27-242D1BA1EF69}.Debug|x64.ActiveCfg = Debug|Any CPU
		{F9FF0FCF-18AD-44C6-AA27-242D1BA1EF69}.Debug|x64.Build.0 = Debug|Any CPU
		{F9FF0FCF-18AD-44C6-AA27-242D1BA1EF69}.Debug|x86.ActiveCfg = Debug|Any CPU
		{F9FF0FCF-18AD-44C6-AA27-242D1BA1EF69}.Debug|x86.Build.0 = Debug|Any CPU
		{F9FF0FCF-18AD-44C6-AA27-242D1BA1EF69}.Release|Any CPU.ActiveCfg = Release|Any CPU
		{F9FF0FCF-18AD-44C6-AA27-242D1BA1EF69}.Release|Any CPU.Build.0 = Release|Any CPU
		{F9FF0FCF-18AD-44C6-AA27-242D1BA1EF69}.Release|x64.ActiveCfg = Release|Any CPU
		{F9FF0FCF-18AD-44C6-AA27-242D1BA1EF69}.Release|x64.Build.0 = Release|Any CPU
		{F9FF0FCF-18AD-44C6-AA27-242D1BA1EF69}.Release|x86.ActiveCfg = Release|Any CPU
		{F9FF0FCF-18AD-44C6-AA27-242D1BA1EF69}.Release|x86.Build.0 = Release|Any CPU
	EndGlobalSection
	GlobalSection(SolutionProperties) = preSolution
		HideSolutionNode = FALSE
	EndGlobalSection
	GlobalSection(ExtensibilityGlobals) = postSolution
		SolutionGuid = {5AD95491-985F-49E0-A671-0A3314525FF8}
	EndGlobalSection
EndGlobal
