
Microsoft Visual Studio Solution File, Format Version 12.00
# Visual Studio Version 17
VisualStudioVersion = 17.1.32319.34
MinimumVisualStudioVersion = 15.0.26124.0
Project("{9A19103F-16F7-4668-BE54-9A1E7A4F7556}") = "Accounts", "accounts\Accounts.csproj", "{3A3BC511-86A3-44B2-858B-CA97933E4151}"
EndProject
Project("{9A19103F-16F7-4668-BE54-9A1E7A4F7556}") = "Gateway", "gateway\Gateway.csproj", "{7D556817-8C10-4B6B-8BC7-BDD832F98CE8}"
EndProject
Project("{9A19103F-16F7-4668-BE54-9A1E7A4F7556}") = "Inventory", "inventory\Inventory.csproj", "{BF940889-6F80-41FB-AF4D-1DF82CA2471C}"
EndProject
Project("{9A19103F-16F7-4668-BE54-9A1E7A4F7556}") = "Products", "products\Products.csproj", "{55C91FC3-0575-470C-ACEF-FAFE854F17B4}"
EndProject
Project("{9A19103F-16F7-4668-BE54-9A1E7A4F7556}") = "Reviews", "reviews\Reviews.csproj", "{F1754125-5445-431F-B5E0-3C585BC31C42}"
EndProject
Project("{2150E333-8FDC-42A3-9474-1A3956D46DE8}") = "Solution Items", "Solution Items", "{9FB80CCF-D85E-466D-8614-B498DD2BFC2E}"
	ProjectSection(SolutionItems) = preProject
		TextFile1.txt = TextFile1.txt
	EndProjectSection
EndProject
Project("{9A19103F-16F7-4668-BE54-9A1E7A4F7556}") = "SchemaFirst", "SchemaFirst\SchemaFirst.csproj", "{9861BA27-391B-4BE8-A67B-51C85AA264A8}"
EndProject
Project("{9A19103F-16F7-4668-BE54-9A1E7A4F7556}") = "HotChocolate.Stitching", "..\..\..\..\HotChoclate-ttecache\hotchocolate\src\HotChocolate\Stitching\src\Stitching\HotChocolate.Stitching.csproj", "{5DAD4183-F19F-4B86-9EB1-B8DB4824AC65}"
EndProject
Project("{9A19103F-16F7-4668-BE54-9A1E7A4F7556}") = "HotChocolate.Abstractions", "..\..\..\..\HotChoclate-ttecache\hotchocolate\src\HotChocolate\Core\src\Abstractions\HotChocolate.Abstractions.csproj", "{573E01F7-E5D1-44CD-B700-542B5245AB68}"
EndProject
Project("{9A19103F-16F7-4668-BE54-9A1E7A4F7556}") = "HotChocolate.AspNetCore", "..\..\..\..\HotChoclate-ttecache\hotchocolate\src\HotChocolate\AspNetCore\src\AspNetCore\HotChocolate.AspNetCore.csproj", "{345BCBDA-FE0D-4C68-AFFB-E3EEAF51F8B7}"
EndProject
Project("{9A19103F-16F7-4668-BE54-9A1E7A4F7556}") = "HotChocolate.Caching", "..\..\..\..\HotChoclate-ttecache\hotchocolate\src\HotChocolate\Caching\src\Caching\HotChocolate.Caching.csproj", "{E550D101-1AB5-43F0-B0DB-1B72E7A35D90}"
EndProject
Project("{9A19103F-16F7-4668-BE54-9A1E7A4F7556}") = "HotChocolate.Caching.Http", "..\..\..\..\HotChoclate-ttecache\hotchocolate\src\HotChocolate\Caching\src\Caching.Http\HotChocolate.Caching.Http.csproj", "{CFBDA95A-A663-49FB-B20E-E8B638C13498}"
EndProject
Project("{9A19103F-16F7-4668-BE54-9A1E7A4F7556}") = "HotChocolate.Core", "..\..\..\..\HotChoclate-ttecache\hotchocolate\src\HotChocolate\Core\src\Core\HotChocolate.Core.csproj", "{7E2645B3-4015-48E6-A8D2-DE65D8D91031}"
EndProject
Project("{9A19103F-16F7-4668-BE54-9A1E7A4F7556}") = "HotChocolate.Execution", "..\..\..\..\HotChoclate-ttecache\hotchocolate\src\HotChocolate\Core\src\Execution\HotChocolate.Execution.csproj", "{6D6AC176-37ED-403F-A151-2D73E3CB35AD}"
EndProject
Global
	GlobalSection(SolutionConfigurationPlatforms) = preSolution
		Debug|Any CPU = Debug|Any CPU
		Debug|x64 = Debug|x64
		Debug|x86 = Debug|x86
		Release|Any CPU = Release|Any CPU
		Release|x64 = Release|x64
		Release|x86 = Release|x86
	EndGlobalSection
	GlobalSection(ProjectConfigurationPlatforms) = postSolution
		{3A3BC511-86A3-44B2-858B-CA97933E4151}.Debug|Any CPU.ActiveCfg = Debug|Any CPU
		{3A3BC511-86A3-44B2-858B-CA97933E4151}.Debug|Any CPU.Build.0 = Debug|Any CPU
		{3A3BC511-86A3-44B2-858B-CA97933E4151}.Debug|x64.ActiveCfg = Debug|Any CPU
		{3A3BC511-86A3-44B2-858B-CA97933E4151}.Debug|x64.Build.0 = Debug|Any CPU
		{3A3BC511-86A3-44B2-858B-CA97933E4151}.Debug|x86.ActiveCfg = Debug|Any CPU
		{3A3BC511-86A3-44B2-858B-CA97933E4151}.Debug|x86.Build.0 = Debug|Any CPU
		{3A3BC511-86A3-44B2-858B-CA97933E4151}.Release|Any CPU.ActiveCfg = Release|Any CPU
		{3A3BC511-86A3-44B2-858B-CA97933E4151}.Release|Any CPU.Build.0 = Release|Any CPU
		{3A3BC511-86A3-44B2-858B-CA97933E4151}.Release|x64.ActiveCfg = Release|Any CPU
		{3A3BC511-86A3-44B2-858B-CA97933E4151}.Release|x64.Build.0 = Release|Any CPU
		{3A3BC511-86A3-44B2-858B-CA97933E4151}.Release|x86.ActiveCfg = Release|Any CPU
		{3A3BC511-86A3-44B2-858B-CA97933E4151}.Release|x86.Build.0 = Release|Any CPU
		{7D556817-8C10-4B6B-8BC7-BDD832F98CE8}.Debug|Any CPU.ActiveCfg = Debug|Any CPU
		{7D556817-8C10-4B6B-8BC7-BDD832F98CE8}.Debug|Any CPU.Build.0 = Debug|Any CPU
		{7D556817-8C10-4B6B-8BC7-BDD832F98CE8}.Debug|x64.ActiveCfg = Debug|Any CPU
		{7D556817-8C10-4B6B-8BC7-BDD832F98CE8}.Debug|x64.Build.0 = Debug|Any CPU
		{7D556817-8C10-4B6B-8BC7-BDD832F98CE8}.Debug|x86.ActiveCfg = Debug|Any CPU
		{7D556817-8C10-4B6B-8BC7-BDD832F98CE8}.Debug|x86.Build.0 = Debug|Any CPU
		{7D556817-8C10-4B6B-8BC7-BDD832F98CE8}.Release|Any CPU.ActiveCfg = Release|Any CPU
		{7D556817-8C10-4B6B-8BC7-BDD832F98CE8}.Release|Any CPU.Build.0 = Release|Any CPU
		{7D556817-8C10-4B6B-8BC7-BDD832F98CE8}.Release|x64.ActiveCfg = Release|Any CPU
		{7D556817-8C10-4B6B-8BC7-BDD832F98CE8}.Release|x64.Build.0 = Release|Any CPU
		{7D556817-8C10-4B6B-8BC7-BDD832F98CE8}.Release|x86.ActiveCfg = Release|Any CPU
		{7D556817-8C10-4B6B-8BC7-BDD832F98CE8}.Release|x86.Build.0 = Release|Any CPU
		{BF940889-6F80-41FB-AF4D-1DF82CA2471C}.Debug|Any CPU.ActiveCfg = Debug|Any CPU
		{BF940889-6F80-41FB-AF4D-1DF82CA2471C}.Debug|Any CPU.Build.0 = Debug|Any CPU
		{BF940889-6F80-41FB-AF4D-1DF82CA2471C}.Debug|x64.ActiveCfg = Debug|Any CPU
		{BF940889-6F80-41FB-AF4D-1DF82CA2471C}.Debug|x64.Build.0 = Debug|Any CPU
		{BF940889-6F80-41FB-AF4D-1DF82CA2471C}.Debug|x86.ActiveCfg = Debug|Any CPU
		{BF940889-6F80-41FB-AF4D-1DF82CA2471C}.Debug|x86.Build.0 = Debug|Any CPU
		{BF940889-6F80-41FB-AF4D-1DF82CA2471C}.Release|Any CPU.ActiveCfg = Release|Any CPU
		{BF940889-6F80-41FB-AF4D-1DF82CA2471C}.Release|Any CPU.Build.0 = Release|Any CPU
		{BF940889-6F80-41FB-AF4D-1DF82CA2471C}.Release|x64.ActiveCfg = Release|Any CPU
		{BF940889-6F80-41FB-AF4D-1DF82CA2471C}.Release|x64.Build.0 = Release|Any CPU
		{BF940889-6F80-41FB-AF4D-1DF82CA2471C}.Release|x86.ActiveCfg = Release|Any CPU
		{BF940889-6F80-41FB-AF4D-1DF82CA2471C}.Release|x86.Build.0 = Release|Any CPU
		{55C91FC3-0575-470C-ACEF-FAFE854F17B4}.Debug|Any CPU.ActiveCfg = Debug|Any CPU
		{55C91FC3-0575-470C-ACEF-FAFE854F17B4}.Debug|Any CPU.Build.0 = Debug|Any CPU
		{55C91FC3-0575-470C-ACEF-FAFE854F17B4}.Debug|x64.ActiveCfg = Debug|Any CPU
		{55C91FC3-0575-470C-ACEF-FAFE854F17B4}.Debug|x64.Build.0 = Debug|Any CPU
		{55C91FC3-0575-470C-ACEF-FAFE854F17B4}.Debug|x86.ActiveCfg = Debug|Any CPU
		{55C91FC3-0575-470C-ACEF-FAFE854F17B4}.Debug|x86.Build.0 = Debug|Any CPU
		{55C91FC3-0575-470C-ACEF-FAFE854F17B4}.Release|Any CPU.ActiveCfg = Release|Any CPU
		{55C91FC3-0575-470C-ACEF-FAFE854F17B4}.Release|Any CPU.Build.0 = Release|Any CPU
		{55C91FC3-0575-470C-ACEF-FAFE854F17B4}.Release|x64.ActiveCfg = Release|Any CPU
		{55C91FC3-0575-470C-ACEF-FAFE854F17B4}.Release|x64.Build.0 = Release|Any CPU
		{55C91FC3-0575-470C-ACEF-FAFE854F17B4}.Release|x86.ActiveCfg = Release|Any CPU
		{55C91FC3-0575-470C-ACEF-FAFE854F17B4}.Release|x86.Build.0 = Release|Any CPU
		{F1754125-5445-431F-B5E0-3C585BC31C42}.Debug|Any CPU.ActiveCfg = Debug|Any CPU
		{F1754125-5445-431F-B5E0-3C585BC31C42}.Debug|Any CPU.Build.0 = Debug|Any CPU
		{F1754125-5445-431F-B5E0-3C585BC31C42}.Debug|x64.ActiveCfg = Debug|Any CPU
		{F1754125-5445-431F-B5E0-3C585BC31C42}.Debug|x64.Build.0 = Debug|Any CPU
		{F1754125-5445-431F-B5E0-3C585BC31C42}.Debug|x86.ActiveCfg = Debug|Any CPU
		{F1754125-5445-431F-B5E0-3C585BC31C42}.Debug|x86.Build.0 = Debug|Any CPU
		{F1754125-5445-431F-B5E0-3C585BC31C42}.Release|Any CPU.ActiveCfg = Release|Any CPU
		{F1754125-5445-431F-B5E0-3C585BC31C42}.Release|Any CPU.Build.0 = Release|Any CPU
		{F1754125-5445-431F-B5E0-3C585BC31C42}.Release|x64.ActiveCfg = Release|Any CPU
		{F1754125-5445-431F-B5E0-3C585BC31C42}.Release|x64.Build.0 = Release|Any CPU
		{F1754125-5445-431F-B5E0-3C585BC31C42}.Release|x86.ActiveCfg = Release|Any CPU
		{F1754125-5445-431F-B5E0-3C585BC31C42}.Release|x86.Build.0 = Release|Any CPU
		{9861BA27-391B-4BE8-A67B-51C85AA264A8}.Debug|Any CPU.ActiveCfg = Debug|Any CPU
		{9861BA27-391B-4BE8-A67B-51C85AA264A8}.Debug|Any CPU.Build.0 = Debug|Any CPU
		{9861BA27-391B-4BE8-A67B-51C85AA264A8}.Debug|x64.ActiveCfg = Debug|Any CPU
		{9861BA27-391B-4BE8-A67B-51C85AA264A8}.Debug|x64.Build.0 = Debug|Any CPU
		{9861BA27-391B-4BE8-A67B-51C85AA264A8}.Debug|x86.ActiveCfg = Debug|Any CPU
		{9861BA27-391B-4BE8-A67B-51C85AA264A8}.Debug|x86.Build.0 = Debug|Any CPU
		{9861BA27-391B-4BE8-A67B-51C85AA264A8}.Release|Any CPU.ActiveCfg = Release|Any CPU
		{9861BA27-391B-4BE8-A67B-51C85AA264A8}.Release|Any CPU.Build.0 = Release|Any CPU
		{9861BA27-391B-4BE8-A67B-51C85AA264A8}.Release|x64.ActiveCfg = Release|Any CPU
		{9861BA27-391B-4BE8-A67B-51C85AA264A8}.Release|x64.Build.0 = Release|Any CPU
		{9861BA27-391B-4BE8-A67B-51C85AA264A8}.Release|x86.ActiveCfg = Release|Any CPU
		{9861BA27-391B-4BE8-A67B-51C85AA264A8}.Release|x86.Build.0 = Release|Any CPU
		{5DAD4183-F19F-4B86-9EB1-B8DB4824AC65}.Debug|Any CPU.ActiveCfg = Debug|Any CPU
		{5DAD4183-F19F-4B86-9EB1-B8DB4824AC65}.Debug|Any CPU.Build.0 = Debug|Any CPU
		{5DAD4183-F19F-4B86-9EB1-B8DB4824AC65}.Debug|x64.ActiveCfg = Debug|Any CPU
		{5DAD4183-F19F-4B86-9EB1-B8DB4824AC65}.Debug|x64.Build.0 = Debug|Any CPU
		{5DAD4183-F19F-4B86-9EB1-B8DB4824AC65}.Debug|x86.ActiveCfg = Debug|Any CPU
		{5DAD4183-F19F-4B86-9EB1-B8DB4824AC65}.Debug|x86.Build.0 = Debug|Any CPU
		{5DAD4183-F19F-4B86-9EB1-B8DB4824AC65}.Release|Any CPU.ActiveCfg = Release|Any CPU
		{5DAD4183-F19F-4B86-9EB1-B8DB4824AC65}.Release|Any CPU.Build.0 = Release|Any CPU
		{5DAD4183-F19F-4B86-9EB1-B8DB4824AC65}.Release|x64.ActiveCfg = Release|Any CPU
		{5DAD4183-F19F-4B86-9EB1-B8DB4824AC65}.Release|x64.Build.0 = Release|Any CPU
		{5DAD4183-F19F-4B86-9EB1-B8DB4824AC65}.Release|x86.ActiveCfg = Release|Any CPU
		{5DAD4183-F19F-4B86-9EB1-B8DB4824AC65}.Release|x86.Build.0 = Release|Any CPU
		{573E01F7-E5D1-44CD-B700-542B5245AB68}.Debug|Any CPU.ActiveCfg = Debug|Any CPU
		{573E01F7-E5D1-44CD-B700-542B5245AB68}.Debug|Any CPU.Build.0 = Debug|Any CPU
		{573E01F7-E5D1-44CD-B700-542B5245AB68}.Debug|x64.ActiveCfg = Debug|Any CPU
		{573E01F7-E5D1-44CD-B700-542B5245AB68}.Debug|x64.Build.0 = Debug|Any CPU
		{573E01F7-E5D1-44CD-B700-542B5245AB68}.Debug|x86.ActiveCfg = Debug|Any CPU
		{573E01F7-E5D1-44CD-B700-542B5245AB68}.Debug|x86.Build.0 = Debug|Any CPU
		{573E01F7-E5D1-44CD-B700-542B5245AB68}.Release|Any CPU.ActiveCfg = Release|Any CPU
		{573E01F7-E5D1-44CD-B700-542B5245AB68}.Release|Any CPU.Build.0 = Release|Any CPU
		{573E01F7-E5D1-44CD-B700-542B5245AB68}.Release|x64.ActiveCfg = Release|Any CPU
		{573E01F7-E5D1-44CD-B700-542B5245AB68}.Release|x64.Build.0 = Release|Any CPU
		{573E01F7-E5D1-44CD-B700-542B5245AB68}.Release|x86.ActiveCfg = Release|Any CPU
		{573E01F7-E5D1-44CD-B700-542B5245AB68}.Release|x86.Build.0 = Release|Any CPU
		{345BCBDA-FE0D-4C68-AFFB-E3EEAF51F8B7}.Debug|Any CPU.ActiveCfg = Debug|Any CPU
		{345BCBDA-FE0D-4C68-AFFB-E3EEAF51F8B7}.Debug|Any CPU.Build.0 = Debug|Any CPU
		{345BCBDA-FE0D-4C68-AFFB-E3EEAF51F8B7}.Debug|x64.ActiveCfg = Debug|Any CPU
		{345BCBDA-FE0D-4C68-AFFB-E3EEAF51F8B7}.Debug|x64.Build.0 = Debug|Any CPU
		{345BCBDA-FE0D-4C68-AFFB-E3EEAF51F8B7}.Debug|x86.ActiveCfg = Debug|Any CPU
		{345BCBDA-FE0D-4C68-AFFB-E3EEAF51F8B7}.Debug|x86.Build.0 = Debug|Any CPU
		{345BCBDA-FE0D-4C68-AFFB-E3EEAF51F8B7}.Release|Any CPU.ActiveCfg = Release|Any CPU
		{345BCBDA-FE0D-4C68-AFFB-E3EEAF51F8B7}.Release|Any CPU.Build.0 = Release|Any CPU
		{345BCBDA-FE0D-4C68-AFFB-E3EEAF51F8B7}.Release|x64.ActiveCfg = Release|Any CPU
		{345BCBDA-FE0D-4C68-AFFB-E3EEAF51F8B7}.Release|x64.Build.0 = Release|Any CPU
		{345BCBDA-FE0D-4C68-AFFB-E3EEAF51F8B7}.Release|x86.ActiveCfg = Release|Any CPU
		{345BCBDA-FE0D-4C68-AFFB-E3EEAF51F8B7}.Release|x86.Build.0 = Release|Any CPU
		{E550D101-1AB5-43F0-B0DB-1B72E7A35D90}.Debug|Any CPU.ActiveCfg = Debug|Any CPU
		{E550D101-1AB5-43F0-B0DB-1B72E7A35D90}.Debug|Any CPU.Build.0 = Debug|Any CPU
		{E550D101-1AB5-43F0-B0DB-1B72E7A35D90}.Debug|x64.ActiveCfg = Debug|Any CPU
		{E550D101-1AB5-43F0-B0DB-1B72E7A35D90}.Debug|x64.Build.0 = Debug|Any CPU
		{E550D101-1AB5-43F0-B0DB-1B72E7A35D90}.Debug|x86.ActiveCfg = Debug|Any CPU
		{E550D101-1AB5-43F0-B0DB-1B72E7A35D90}.Debug|x86.Build.0 = Debug|Any CPU
		{E550D101-1AB5-43F0-B0DB-1B72E7A35D90}.Release|Any CPU.ActiveCfg = Release|Any CPU
		{E550D101-1AB5-43F0-B0DB-1B72E7A35D90}.Release|Any CPU.Build.0 = Release|Any CPU
		{E550D101-1AB5-43F0-B0DB-1B72E7A35D90}.Release|x64.ActiveCfg = Release|Any CPU
		{E550D101-1AB5-43F0-B0DB-1B72E7A35D90}.Release|x64.Build.0 = Release|Any CPU
		{E550D101-1AB5-43F0-B0DB-1B72E7A35D90}.Release|x86.ActiveCfg = Release|Any CPU
		{E550D101-1AB5-43F0-B0DB-1B72E7A35D90}.Release|x86.Build.0 = Release|Any CPU
		{CFBDA95A-A663-49FB-B20E-E8B638C13498}.Debug|Any CPU.ActiveCfg = Debug|Any CPU
		{CFBDA95A-A663-49FB-B20E-E8B638C13498}.Debug|Any CPU.Build.0 = Debug|Any CPU
		{CFBDA95A-A663-49FB-B20E-E8B638C13498}.Debug|x64.ActiveCfg = Debug|Any CPU
		{CFBDA95A-A663-49FB-B20E-E8B638C13498}.Debug|x64.Build.0 = Debug|Any CPU
		{CFBDA95A-A663-49FB-B20E-E8B638C13498}.Debug|x86.ActiveCfg = Debug|Any CPU
		{CFBDA95A-A663-49FB-B20E-E8B638C13498}.Debug|x86.Build.0 = Debug|Any CPU
		{CFBDA95A-A663-49FB-B20E-E8B638C13498}.Release|Any CPU.ActiveCfg = Release|Any CPU
		{CFBDA95A-A663-49FB-B20E-E8B638C13498}.Release|Any CPU.Build.0 = Release|Any CPU
		{CFBDA95A-A663-49FB-B20E-E8B638C13498}.Release|x64.ActiveCfg = Release|Any CPU
		{CFBDA95A-A663-49FB-B20E-E8B638C13498}.Release|x64.Build.0 = Release|Any CPU
		{CFBDA95A-A663-49FB-B20E-E8B638C13498}.Release|x86.ActiveCfg = Release|Any CPU
		{CFBDA95A-A663-49FB-B20E-E8B638C13498}.Release|x86.Build.0 = Release|Any CPU
		{7E2645B3-4015-48E6-A8D2-DE65D8D91031}.Debug|Any CPU.ActiveCfg = Debug|Any CPU
		{7E2645B3-4015-48E6-A8D2-DE65D8D91031}.Debug|Any CPU.Build.0 = Debug|Any CPU
		{7E2645B3-4015-48E6-A8D2-DE65D8D91031}.Debug|x64.ActiveCfg = Debug|Any CPU
		{7E2645B3-4015-48E6-A8D2-DE65D8D91031}.Debug|x64.Build.0 = Debug|Any CPU
		{7E2645B3-4015-48E6-A8D2-DE65D8D91031}.Debug|x86.ActiveCfg = Debug|Any CPU
		{7E2645B3-4015-48E6-A8D2-DE65D8D91031}.Debug|x86.Build.0 = Debug|Any CPU
		{7E2645B3-4015-48E6-A8D2-DE65D8D91031}.Release|Any CPU.ActiveCfg = Release|Any CPU
		{7E2645B3-4015-48E6-A8D2-DE65D8D91031}.Release|Any CPU.Build.0 = Release|Any CPU
		{7E2645B3-4015-48E6-A8D2-DE65D8D91031}.Release|x64.ActiveCfg = Release|Any CPU
		{7E2645B3-4015-48E6-A8D2-DE65D8D91031}.Release|x64.Build.0 = Release|Any CPU
		{7E2645B3-4015-48E6-A8D2-DE65D8D91031}.Release|x86.ActiveCfg = Release|Any CPU
		{7E2645B3-4015-48E6-A8D2-DE65D8D91031}.Release|x86.Build.0 = Release|Any CPU
		{6D6AC176-37ED-403F-A151-2D73E3CB35AD}.Debug|Any CPU.ActiveCfg = Debug|Any CPU
		{6D6AC176-37ED-403F-A151-2D73E3CB35AD}.Debug|Any CPU.Build.0 = Debug|Any CPU
		{6D6AC176-37ED-403F-A151-2D73E3CB35AD}.Debug|x64.ActiveCfg = Debug|Any CPU
		{6D6AC176-37ED-403F-A151-2D73E3CB35AD}.Debug|x64.Build.0 = Debug|Any CPU
		{6D6AC176-37ED-403F-A151-2D73E3CB35AD}.Debug|x86.ActiveCfg = Debug|Any CPU
		{6D6AC176-37ED-403F-A151-2D73E3CB35AD}.Debug|x86.Build.0 = Debug|Any CPU
		{6D6AC176-37ED-403F-A151-2D73E3CB35AD}.Release|Any CPU.ActiveCfg = Release|Any CPU
		{6D6AC176-37ED-403F-A151-2D73E3CB35AD}.Release|Any CPU.Build.0 = Release|Any CPU
		{6D6AC176-37ED-403F-A151-2D73E3CB35AD}.Release|x64.ActiveCfg = Release|Any CPU
		{6D6AC176-37ED-403F-A151-2D73E3CB35AD}.Release|x64.Build.0 = Release|Any CPU
		{6D6AC176-37ED-403F-A151-2D73E3CB35AD}.Release|x86.ActiveCfg = Release|Any CPU
		{6D6AC176-37ED-403F-A151-2D73E3CB35AD}.Release|x86.Build.0 = Release|Any CPU
	EndGlobalSection
	GlobalSection(SolutionProperties) = preSolution
		HideSolutionNode = FALSE
	EndGlobalSection
	GlobalSection(ExtensibilityGlobals) = postSolution
		SolutionGuid = {5AD95491-985F-49E0-A671-0A3314525FF8}
	EndGlobalSection
EndGlobal
